
Microsoft Visual Studio Solution File, Format Version 12.00
# Visual Studio Version 17
VisualStudioVersion = 17.5.33502.453
MinimumVisualStudioVersion = 10.0.40219.1
Project("{9A19103F-16F7-4668-BE54-9A1E7A4F7556}") = "LevvaCoinsAPI", "LevvaCoinsAPI.csproj", "{D61FF811-C71E-4E14-BBE6-0CE4B8F9166A}"
EndProject
Global
	GlobalSection(SolutionConfigurationPlatforms) = preSolution
		Debug|Any CPU = Debug|Any CPU
		Release|Any CPU = Release|Any CPU
	EndGlobalSection
	GlobalSection(ProjectConfigurationPlatforms) = postSolution
		{D61FF811-C71E-4E14-BBE6-0CE4B8F9166A}.Debug|Any CPU.ActiveCfg = Debug|Any CPU
		{D61FF811-C71E-4E14-BBE6-0CE4B8F9166A}.Debug|Any CPU.Build.0 = Debug|Any CPU
		{D61FF811-C71E-4E14-BBE6-0CE4B8F9166A}.Release|Any CPU.ActiveCfg = Release|Any CPU
		{D61FF811-C71E-4E14-BBE6-0CE4B8F9166A}.Release|Any CPU.Build.0 = Release|Any CPU
	EndGlobalSection
	GlobalSection(SolutionProperties) = preSolution
		HideSolutionNode = FALSE
	EndGlobalSection
	GlobalSection(ExtensibilityGlobals) = postSolution
		SolutionGuid = {832E9B25-875A-4BC3-8962-4960D7E58D5D}
	EndGlobalSection
EndGlobal
